
Microsoft Visual Studio Solution File, Format Version 12.00
# Visual Studio Version 17
VisualStudioVersion = 17.8.34330.188
MinimumVisualStudioVersion = 10.0.40219.1
Project("{9A19103F-16F7-4668-BE54-9A1E7A4F7556}") = "RaptorSheets.Gig", "RaptorSheets.Gig\RaptorSheets.Gig.csproj", "{8B484E92-30EF-4757-9F16-3D2442C0D992}"
EndProject
Project("{9A19103F-16F7-4668-BE54-9A1E7A4F7556}") = "RaptorSheets.Gig.Tests", "RaptorSheets.Gig.Tests\RaptorSheets.Gig.Tests.csproj", "{172159EA-DE12-485D-A805-B488FDE24F8F}"
EndProject
Project("{9A19103F-16F7-4668-BE54-9A1E7A4F7556}") = "RaptorSheets.Core", "RaptorSheets.Core\RaptorSheets.Core.csproj", "{0511900F-2BD5-4CAD-9E4F-10C7C1A353BA}"
EndProject
Project("{2150E333-8FDC-42A3-9474-1A3956D46DE8}") = "Gig", "Gig", "{01D76762-C403-4DC6-AF39-463ACBCDBABB}"
EndProject
Project("{9A19103F-16F7-4668-BE54-9A1E7A4F7556}") = "RaptorSheets.Core.Tests", "RaptorSheets.Core.Tests\RaptorSheets.Core.Tests.csproj", "{D8D62270-EE9D-420E-A7D8-117B4A2DB67C}"
EndProject
Project("{2150E333-8FDC-42A3-9474-1A3956D46DE8}") = "Stock", "Stock", "{930D1E94-EE6E-41CB-82A7-474BA7E54C73}"
EndProject
Project("{9A19103F-16F7-4668-BE54-9A1E7A4F7556}") = "RaptorSheets.Stock", "RaptorSheets.Stock\RaptorSheets.Stock.csproj", "{A209D9EF-AFB7-450C-A7D4-A7003337B0A6}"
EndProject
Project("{9A19103F-16F7-4668-BE54-9A1E7A4F7556}") = "RaptorSheets.Stock.Tests", "RaptorSheets.Stock.Tests\RaptorSheets.Stock.Tests.csproj", "{44184538-9BF7-40CE-A585-0DF442722324}"
EndProject
Project("{FAE04EC0-301F-11D3-BF4B-00C04F79EFBC}") = "RaptorSheets.Test.Common", "RaptorSheets.Test\RaptorSheets.Test.Common.csproj", "{1EC60D38-096B-475D-86C3-E751EF8B7786}"
EndProject
Global
	GlobalSection(SolutionConfigurationPlatforms) = preSolution
		Debug|Any CPU = Debug|Any CPU
		Release|Any CPU = Release|Any CPU
	EndGlobalSection
	GlobalSection(ProjectConfigurationPlatforms) = postSolution
		{8B484E92-30EF-4757-9F16-3D2442C0D992}.Debug|Any CPU.ActiveCfg = Debug|Any CPU
		{8B484E92-30EF-4757-9F16-3D2442C0D992}.Debug|Any CPU.Build.0 = Debug|Any CPU
		{8B484E92-30EF-4757-9F16-3D2442C0D992}.Release|Any CPU.ActiveCfg = Release|Any CPU
		{8B484E92-30EF-4757-9F16-3D2442C0D992}.Release|Any CPU.Build.0 = Release|Any CPU
		{172159EA-DE12-485D-A805-B488FDE24F8F}.Debug|Any CPU.ActiveCfg = Debug|Any CPU
		{172159EA-DE12-485D-A805-B488FDE24F8F}.Debug|Any CPU.Build.0 = Debug|Any CPU
		{172159EA-DE12-485D-A805-B488FDE24F8F}.Release|Any CPU.ActiveCfg = Release|Any CPU
		{172159EA-DE12-485D-A805-B488FDE24F8F}.Release|Any CPU.Build.0 = Release|Any CPU
		{0511900F-2BD5-4CAD-9E4F-10C7C1A353BA}.Debug|Any CPU.ActiveCfg = Debug|Any CPU
		{0511900F-2BD5-4CAD-9E4F-10C7C1A353BA}.Debug|Any CPU.Build.0 = Debug|Any CPU
		{0511900F-2BD5-4CAD-9E4F-10C7C1A353BA}.Release|Any CPU.ActiveCfg = Release|Any CPU
		{0511900F-2BD5-4CAD-9E4F-10C7C1A353BA}.Release|Any CPU.Build.0 = Release|Any CPU
		{D8D62270-EE9D-420E-A7D8-117B4A2DB67C}.Debug|Any CPU.ActiveCfg = Debug|Any CPU
		{D8D62270-EE9D-420E-A7D8-117B4A2DB67C}.Debug|Any CPU.Build.0 = Debug|Any CPU
		{D8D62270-EE9D-420E-A7D8-117B4A2DB67C}.Release|Any CPU.ActiveCfg = Release|Any CPU
		{D8D62270-EE9D-420E-A7D8-117B4A2DB67C}.Release|Any CPU.Build.0 = Release|Any CPU
		{A209D9EF-AFB7-450C-A7D4-A7003337B0A6}.Debug|Any CPU.ActiveCfg = Debug|Any CPU
		{A209D9EF-AFB7-450C-A7D4-A7003337B0A6}.Debug|Any CPU.Build.0 = Debug|Any CPU
		{A209D9EF-AFB7-450C-A7D4-A7003337B0A6}.Release|Any CPU.ActiveCfg = Release|Any CPU
		{A209D9EF-AFB7-450C-A7D4-A7003337B0A6}.Release|Any CPU.Build.0 = Release|Any CPU
		{44184538-9BF7-40CE-A585-0DF442722324}.Debug|Any CPU.ActiveCfg = Debug|Any CPU
		{44184538-9BF7-40CE-A585-0DF442722324}.Debug|Any CPU.Build.0 = Debug|Any CPU
		{44184538-9BF7-40CE-A585-0DF442722324}.Release|Any CPU.ActiveCfg = Release|Any CPU
		{44184538-9BF7-40CE-A585-0DF442722324}.Release|Any CPU.Build.0 = Release|Any CPU
		{1EC60D38-096B-475D-86C3-E751EF8B7786}.Debug|Any CPU.ActiveCfg = Debug|Any CPU
		{1EC60D38-096B-475D-86C3-E751EF8B7786}.Debug|Any CPU.Build.0 = Debug|Any CPU
		{1EC60D38-096B-475D-86C3-E751EF8B7786}.Release|Any CPU.ActiveCfg = Release|Any CPU
		{1EC60D38-096B-475D-86C3-E751EF8B7786}.Release|Any CPU.Build.0 = Release|Any CPU
	EndGlobalSection
	GlobalSection(SolutionProperties) = preSolution
		HideSolutionNode = FALSE
	EndGlobalSection
	GlobalSection(NestedProjects) = preSolution
		{8B484E92-30EF-4757-9F16-3D2442C0D992} = {01D76762-C403-4DC6-AF39-463ACBCDBABB}
		{172159EA-DE12-485D-A805-B488FDE24F8F} = {01D76762-C403-4DC6-AF39-463ACBCDBABB}
		{A209D9EF-AFB7-450C-A7D4-A7003337B0A6} = {930D1E94-EE6E-41CB-82A7-474BA7E54C73}
		{44184538-9BF7-40CE-A585-0DF442722324} = {930D1E94-EE6E-41CB-82A7-474BA7E54C73}
	EndGlobalSection
	GlobalSection(ExtensibilityGlobals) = postSolution
		SolutionGuid = {BD2DC591-46C2-4EFD-9540-F30EC806703F}
	EndGlobalSection
EndGlobal
